{
  "nodes": {
    "child": {
      "locked": {
        "path": "./child",
        "type": "path"
      },
      "original": {
        "path": "./child",
        "type": "path"
      },
      "parent": []
    },
    "root": {
      "inputs": {
        "child": "child"
      }
    }
  },
  "root": "root",
  "version": 7
}
