{
  "nodes": {
    "root": {
      "inputs": {
        "nixpkgs": "nixpkgs",
        "sub": "sub"
      }
    },
    "nixpkgs": {
      "locked": {
        "lastModified": 1782535326,
        "narHash": "sha256-r4TA57SL7nvj1R+GY/FCLwFU48w9IixTQlzBTIYkt8E=",
        "owner": "NixOS",
        "repo": "nixpkgs",
        "rev": "714a5f8c4ead6b31148d829288440ed033ccc041",
        "type": "github"
      },
      "original": {
        "owner": "NixOS",
        "repo": "nixpkgs",
        "type": "github"
      }
    },
    "sub": {
      "inputs": {
        "nixpkgs": [
          "nixpkgs"
        ]
      },
      "locked": {
        "path": "./sub",
        "type": "path"
      },
      "original": {
        "path": "./sub",
        "type": "path"
      },
      "parent": [
        "sub"
      ]
    }
  },
  "root": "root",
  "version": 7
}
